{
  "nodes": {
    "godotdev": {
      "flake": false,
      "locked": {
        "lastModified": 1768050065,
        "narHash": "sha256-52tWEZ092Sskxn1113aWBSTQW6iBPPhyAfpwCS+F9XI=",
        "ref": "refs/heads/master",
        "rev": "61fcb7a627d6a417d70913cecb0fda17a181a49a",
        "revCount": 80,
        "type": "git",
        "url": "https://code.capytal.cc/dot013/godotdev.nvim"
      },
      "original": {
        "type": "git",
        "url": "https://code.capytal.cc/dot013/godotdev.nvim"
      }
    },
    "mdfmt": {
      "flake": false,
      "locked": {
        "lastModified": 1543379285,
        "narHash": "sha256-5LQ7S/CZXCa/zrUcIbDfD2Ji8Kjc3/Cengw8UmVOU4g=",
        "owner": "moorereason",
        "repo": "mdfmt",
        "rev": "29e3d55cbe5af4cfc31b172aed1d69b9a5a22c5b",
        "type": "github"
      },
      "original": {
        "owner": "moorereason",
        "repo": "mdfmt",
        "type": "github"
      }
    },
    "nixpkgs": {
      "locked": {
        "lastModified": 1781074563,
        "narHash": "sha256-md8WlXOlfnIeHeOScMTTHFyf2d6iaTwPl2apR5EQ3P4=",
        "owner": "nixos",
        "repo": "nixpkgs",
        "rev": "9ae611a455b90cf061d8f332b977e387bda8e1ca",
        "type": "github"
      },
      "original": {
        "owner": "nixos",
        "ref": "nixos-unstable",
        "repo": "nixpkgs",
        "type": "github"
      }
    },
    "root": {
      "inputs": {
        "godotdev": "godotdev",
        "mdfmt": "mdfmt",
        "nixpkgs": "nixpkgs"
      }
    }
  },
  "root": "root",
  "version": 7
}
