{
  "nodes": {
    "mdfmt": {
      "flake": false,
      "locked": {
        "lastModified": 1543379285,
        "narHash": "sha256-5LQ7S/CZXCa/zrUcIbDfD2Ji8Kjc3/Cengw8UmVOU4g=",
        "owner": "moorereason",
        "repo": "mdfmt",
        "rev": "29e3d55cbe5af4cfc31b172aed1d69b9a5a22c5b",
        "type": "github"
      },
      "original": {
        "owner": "moorereason",
        "repo": "mdfmt",
        "type": "github"
      }
    },
    "nixpkgs": {
      "locked": {
        "lastModified": 1765186076,
        "narHash": "sha256-hM20uyap1a0M9d344I692r+ik4gTMyj60cQWO+hAYP8=",
        "owner": "nixos",
        "repo": "nixpkgs",
        "rev": "addf7cf5f383a3101ecfba091b98d0a1263dc9b8",
        "type": "github"
      },
      "original": {
        "owner": "nixos",
        "ref": "nixos-unstable",
        "repo": "nixpkgs",
        "type": "github"
      }
    },
    "root": {
      "inputs": {
        "mdfmt": "mdfmt",
        "nixpkgs": "nixpkgs"
      }
    }
  },
  "root": "root",
  "version": 7
}
